// !$*UTF8*$!
{
	archiveVersion = 1;
	classes = {
	};
	objectVersion = 46;
	objects = {

/* Begin PBXBuildFile section */
		22484D4B14C97A12611CF4F6 /* libPods.a in Frameworks */ = {isa = PBXBuildFile; fileRef = A1F70D435C331619517BB208 /* libPods.a */; };
		E7BFCE0D1B4E6C3A002A7E4B /* main.m in Sources */ = {isa = PBXBuildFile; fileRef = E7BFCE0C1B4E6C3A002A7E4B /* main.m */; };
		E7BFCE101B4E6C3A002A7E4B /* AppDelegate.m in Sources */ = {isa = PBXBuildFile; fileRef = E7BFCE0F1B4E6C3A002A7E4B /* AppDelegate.m */; };
		E7BFCE131B4E6C3A002A7E4B /* ViewController.m in Sources */ = {isa = PBXBuildFile; fileRef = E7BFCE121B4E6C3A002A7E4B /* ViewController.m */; };
		E7BFCE181B4E6C3A002A7E4B /* Images.xcassets in Resources */ = {isa = PBXBuildFile; fileRef = E7BFCE171B4E6C3A002A7E4B /* Images.xcassets */; };
		E7BFCE1B1B4E6C3A002A7E4B /* LaunchScreen.xib in Resources */ = {isa = PBXBuildFile; fileRef = E7BFCE191B4E6C3A002A7E4B /* LaunchScreen.xib */; };
		E7BFCE271B4E6C3B002A7E4B /* WHShareViewTests.m in Sources */ = {isa = PBXBuildFile; fileRef = E7BFCE261B4E6C3B002A7E4B /* WHShareViewTests.m */; };
		E7BFCE381B4E6D0E002A7E4B /* share_platform_email@2x.png in Resources */ = {isa = PBXBuildFile; fileRef = E7BFCE311B4E6D0E002A7E4B /* share_platform_email@2x.png */; };
		E7BFCE391B4E6D0E002A7E4B /* share_platform_evernote@2x.png in Resources */ = {isa = PBXBuildFile; fileRef = E7BFCE321B4E6D0E002A7E4B /* share_platform_evernote@2x.png */; };
		E7BFCE3A1B4E6D0E002A7E4B /* share_platform_imessage@2x.png in Resources */ = {isa = PBXBuildFile; fileRef = E7BFCE331B4E6D0E002A7E4B /* share_platform_imessage@2x.png */; };
		E7BFCE3B1B4E6D0E002A7E4B /* share_platform_qqfriends@2x.png in Resources */ = {isa = PBXBuildFile; fileRef = E7BFCE341B4E6D0E002A7E4B /* share_platform_qqfriends@2x.png */; };
		E7BFCE3C1B4E6D0E002A7E4B /* share_platform_sina@2x.png in Resources */ = {isa = PBXBuildFile; fileRef = E7BFCE351B4E6D0E002A7E4B /* share_platform_sina@2x.png */; };
		E7BFCE3D1B4E6D0E002A7E4B /* share_platform_wechat@2x.png in Resources */ = {isa = PBXBuildFile; fileRef = E7BFCE361B4E6D0E002A7E4B /* share_platform_wechat@2x.png */; };
		E7BFCE3E1B4E6D0E002A7E4B /* share_platform_wechattimeline@2x.png in Resources */ = {isa = PBXBuildFile; fileRef = E7BFCE371B4E6D0E002A7E4B /* share_platform_wechattimeline@2x.png */; };
		E7BFCE411B4E6E52002A7E4B /* WHButtonView.m in Sources */ = {isa = PBXBuildFile; fileRef = E7BFCE401B4E6E52002A7E4B /* WHButtonView.m */; };
		E7BFCE441B4E6EFE002A7E4B /* WHShareView.m in Sources */ = {isa = PBXBuildFile; fileRef = E7BFCE431B4E6EFE002A7E4B /* WHShareView.m */; };
/* End PBXBuildFile section */

/* Begin PBXContainerItemProxy section */
		E7BFCE211B4E6C3B002A7E4B /* PBXContainerItemProxy */ = {
			isa = PBXContainerItemProxy;
			containerPortal = E7BFCDFF1B4E6C3A002A7E4B /* Project object */;
			proxyType = 1;
			remoteGlobalIDString = E7BFCE061B4E6C3A002A7E4B;
			remoteInfo = WHShareView;
		};
/* End PBXContainerItemProxy section */

/* Begin PBXFileReference section */
		1125EEC6BED64C9C2ECF1E86 /* Pods.debug.xcconfig */ = {isa = PBXFileReference; includeInIndex = 1; lastKnownFileType = text.xcconfig; name = Pods.debug.xcconfig; path = "Pods/Target Support Files/Pods/Pods.debug.xcconfig"; sourceTree = "<group>"; };
		A1F70D435C331619517BB208 /* libPods.a */ = {isa = PBXFileReference; explicitFileType = archive.ar; includeInIndex = 0; path = libPods.a; sourceTree = BUILT_PRODUCTS_DIR; };
		AEC13EFFA24C625FF78932C6 /* Pods.release.xcconfig */ = {isa = PBXFileReference; includeInIndex = 1; lastKnownFileType = text.xcconfig; name = Pods.release.xcconfig; path = "Pods/Target Support Files/Pods/Pods.release.xcconfig"; sourceTree = "<group>"; };
		E7BFCE071B4E6C3A002A7E4B /* WHShareView.app */ = {isa = PBXFileReference; explicitFileType = wrapper.application; includeInIndex = 0; path = WHShareView.app; sourceTree = BUILT_PRODUCTS_DIR; };
		E7BFCE0B1B4E6C3A002A7E4B /* Info.plist */ = {isa = PBXFileReference; lastKnownFileType = text.plist.xml; path = Info.plist; sourceTree = "<group>"; };
		E7BFCE0C1B4E6C3A002A7E4B /* main.m */ = {isa = PBXFileReference; lastKnownFileType = sourcecode.c.objc; path = main.m; sourceTree = "<group>"; };
		E7BFCE0E1B4E6C3A002A7E4B /* AppDelegate.h */ = {isa = PBXFileReference; lastKnownFileType = sourcecode.c.h; path = AppDelegate.h; sourceTree = "<group>"; };
		E7BFCE0F1B4E6C3A002A7E4B /* AppDelegate.m */ = {isa = PBXFileReference; lastKnownFileType = sourcecode.c.objc; path = AppDelegate.m; sourceTree = "<group>"; };
		E7BFCE111B4E6C3A002A7E4B /* ViewController.h */ = {isa = PBXFileReference; lastKnownFileType = sourcecode.c.h; path = ViewController.h; sourceTree = "<group>"; };
		E7BFCE121B4E6C3A002A7E4B /* ViewController.m */ = {isa = PBXFileReference; lastKnownFileType = sourcecode.c.objc; path = ViewController.m; sourceTree = "<group>"; };
		E7BFCE171B4E6C3A002A7E4B /* Images.xcassets */ = {isa = PBXFileReference; lastKnownFileType = folder.assetcatalog; path = Images.xcassets; sourceTree = "<group>"; };
		E7BFCE1A1B4E6C3A002A7E4B /* Base */ = {isa = PBXFileReference; lastKnownFileType = file.xib; name = Base; path = Base.lproj/LaunchScreen.xib; sourceTree = "<group>"; };
		E7BFCE201B4E6C3B002A7E4B /* WHShareViewTests.xctest */ = {isa = PBXFileReference; explicitFileType = wrapper.cfbundle; includeInIndex = 0; path = WHShareViewTests.xctest; sourceTree = BUILT_PRODUCTS_DIR; };
		E7BFCE251B4E6C3B002A7E4B /* Info.plist */ = {isa = PBXFileReference; lastKnownFileType = text.plist.xml; path = Info.plist; sourceTree = "<group>"; };
		E7BFCE261B4E6C3B002A7E4B /* WHShareViewTests.m */ = {isa = PBXFileReference; lastKnownFileType = sourcecode.c.objc; path = WHShareViewTests.m; sourceTree = "<group>"; };
		E7BFCE311B4E6D0E002A7E4B /* share_platform_email@2x.png */ = {isa = PBXFileReference; lastKnownFileType = image.png; path = "share_platform_email@2x.png"; sourceTree = "<group>"; };
		E7BFCE321B4E6D0E002A7E4B /* share_platform_evernote@2x.png */ = {isa = PBXFileReference; lastKnownFileType = image.png; path = "share_platform_evernote@2x.png"; sourceTree = "<group>"; };
		E7BFCE331B4E6D0E002A7E4B /* share_platform_imessage@2x.png */ = {isa = PBXFileReference; lastKnownFileType = image.png; path = "share_platform_imessage@2x.png"; sourceTree = "<group>"; };
		E7BFCE341B4E6D0E002A7E4B /* share_platform_qqfriends@2x.png */ = {isa = PBXFileReference; lastKnownFileType = image.png; path = "share_platform_qqfriends@2x.png"; sourceTree = "<group>"; };
		E7BFCE351B4E6D0E002A7E4B /* share_platform_sina@2x.png */ = {isa = PBXFileReference; lastKnownFileType = image.png; path = "share_platform_sina@2x.png"; sourceTree = "<group>"; };
		E7BFCE361B4E6D0E002A7E4B /* share_platform_wechat@2x.png */ = {isa = PBXFileReference; lastKnownFileType = image.png; path = "share_platform_wechat@2x.png"; sourceTree = "<group>"; };
		E7BFCE371B4E6D0E002A7E4B /* share_platform_wechattimeline@2x.png */ = {isa = PBXFileReference; lastKnownFileType = image.png; path = "share_platform_wechattimeline@2x.png"; sourceTree = "<group>"; };
		E7BFCE3F1B4E6E52002A7E4B /* WHButtonView.h */ = {isa = PBXFileReference; fileEncoding = 4; lastKnownFileType = sourcecode.c.h; path = WHButtonView.h; sourceTree = "<group>"; };
		E7BFCE401B4E6E52002A7E4B /* WHButtonView.m */ = {isa = PBXFileReference; fileEncoding = 4; lastKnownFileType = sourcecode.c.objc; path = WHButtonView.m; sourceTree = "<group>"; };
		E7BFCE421B4E6EFE002A7E4B /* WHShareView.h */ = {isa = PBXFileReference; fileEncoding = 4; lastKnownFileType = sourcecode.c.h; path = WHShareView.h; sourceTree = "<group>"; };
		E7BFCE431B4E6EFE002A7E4B /* WHShareView.m */ = {isa = PBXFileReference; fileEncoding = 4; lastKnownFileType = sourcecode.c.objc; path = WHShareView.m; sourceTree = "<group>"; };
/* End PBXFileReference section */

/* Begin PBXFrameworksBuildPhase section */
		E7BFCE041B4E6C3A002A7E4B /* Frameworks */ = {
			isa = PBXFrameworksBuildPhase;
			buildActionMask = 2147483647;
			files = (
				22484D4B14C97A12611CF4F6 /* libPods.a in Frameworks */,
			);
			runOnlyForDeploymentPostprocessing = 0;
		};
		E7BFCE1D1B4E6C3B002A7E4B /* Frameworks */ = {
			isa = PBXFrameworksBuildPhase;
			buildActionMask = 2147483647;
			files = (
			);
			runOnlyForDeploymentPostprocessing = 0;
		};
/* End PBXFrameworksBuildPhase section */

/* Begin PBXGroup section */
		0B804601E563C73DE88918B4 /* Pods */ = {
			isa = PBXGroup;
			children = (
				1125EEC6BED64C9C2ECF1E86 /* Pods.debug.xcconfig */,
				AEC13EFFA24C625FF78932C6 /* Pods.release.xcconfig */,
			);
			name = Pods;
			sourceTree = "<group>";
		};
		89FC7C6365A989E0019F6153 /* Frameworks */ = {
			isa = PBXGroup;
			children = (
				A1F70D435C331619517BB208 /* libPods.a */,
			);
			name = Frameworks;
			sourceTree = "<group>";
		};
		E7BFCDFE1B4E6C3A002A7E4B = {
			isa = PBXGroup;
			children = (
				E7BFCE091B4E6C3A002A7E4B /* WHShareView */,
				E7BFCE231B4E6C3B002A7E4B /* WHShareViewTests */,
				E7BFCE081B4E6C3A002A7E4B /* Products */,
				0B804601E563C73DE88918B4 /* Pods */,
				89FC7C6365A989E0019F6153 /* Frameworks */,
			);
			sourceTree = "<group>";
		};
		E7BFCE081B4E6C3A002A7E4B /* Products */ = {
			isa = PBXGroup;
			children = (
				E7BFCE071B4E6C3A002A7E4B /* WHShareView.app */,
				E7BFCE201B4E6C3B002A7E4B /* WHShareViewTests.xctest */,
			);
			name = Products;
			sourceTree = "<group>";
		};
		E7BFCE091B4E6C3A002A7E4B /* WHShareView */ = {
			isa = PBXGroup;
			children = (
				E7BFCE301B4E6CEB002A7E4B /* image */,
				E7BFCE0E1B4E6C3A002A7E4B /* AppDelegate.h */,
				E7BFCE0F1B4E6C3A002A7E4B /* AppDelegate.m */,
				E7BFCE111B4E6C3A002A7E4B /* ViewController.h */,
				E7BFCE121B4E6C3A002A7E4B /* ViewController.m */,
				E7BFCE171B4E6C3A002A7E4B /* Images.xcassets */,
				E7BFCE191B4E6C3A002A7E4B /* LaunchScreen.xib */,
				E7BFCE0A1B4E6C3A002A7E4B /* Supporting Files */,
				E7BFCE3F1B4E6E52002A7E4B /* WHButtonView.h */,
				E7BFCE401B4E6E52002A7E4B /* WHButtonView.m */,
				E7BFCE421B4E6EFE002A7E4B /* WHShareView.h */,
				E7BFCE431B4E6EFE002A7E4B /* WHShareView.m */,
			);
			path = WHShareView;
			sourceTree = "<group>";
		};
		E7BFCE0A1B4E6C3A002A7E4B /* Supporting Files */ = {
			isa = PBXGroup;
			children = (
				E7BFCE0B1B4E6C3A002A7E4B /* Info.plist */,
				E7BFCE0C1B4E6C3A002A7E4B /* main.m */,
			);
			name = "Supporting Files";
			sourceTree = "<group>";
		};
		E7BFCE231B4E6C3B002A7E4B /* WHShareViewTests */ = {
			isa = PBXGroup;
			children = (
				E7BFCE261B4E6C3B002A7E4B /* WHShareViewTests.m */,
				E7BFCE241B4E6C3B002A7E4B /* Supporting Files */,
			);
			path = WHShareViewTests;
			sourceTree = "<group>";
		};
		E7BFCE241B4E6C3B002A7E4B /* Supporting Files */ = {
			isa = PBXGroup;
			children = (
				E7BFCE251B4E6C3B002A7E4B /* Info.plist */,
			);
			name = "Supporting Files";
			sourceTree = "<group>";
		};
		E7BFCE301B4E6CEB002A7E4B /* image */ = {
			isa = PBXGroup;
			children = (
				E7BFCE311B4E6D0E002A7E4B /* share_platform_email@2x.png */,
				E7BFCE321B4E6D0E002A7E4B /* share_platform_evernote@2x.png */,
				E7BFCE331B4E6D0E002A7E4B /* share_platform_imessage@2x.png */,
				E7BFCE341B4E6D0E002A7E4B /* share_platform_qqfriends@2x.png */,
				E7BFCE351B4E6D0E002A7E4B /* share_platform_sina@2x.png */,
				E7BFCE361B4E6D0E002A7E4B /* share_platform_wechat@2x.png */,
				E7BFCE371B4E6D0E002A7E4B /* share_platform_wechattimeline@2x.png */,
			);
			name = image;
			sourceTree = "<group>";
		};
/* End PBXGroup section */

/* Begin PBXNativeTarget section */
		E7BFCE061B4E6C3A002A7E4B /* WHShareView */ = {
			isa = PBXNativeTarget;
			buildConfigurationList = E7BFCE2A1B4E6C3B002A7E4B /* Build configuration list for PBXNativeTarget "WHShareView" */;
			buildPhases = (
				C59D45A757320ADC4E24D4DA /* Check Pods Manifest.lock */,
				E7BFCE031B4E6C3A002A7E4B /* Sources */,
				E7BFCE041B4E6C3A002A7E4B /* Frameworks */,
				E7BFCE051B4E6C3A002A7E4B /* Resources */,
				A96904E01FA5EDF0B0CA4332 /* Copy Pods Resources */,
			);
			buildRules = (
			);
			dependencies = (
			);
			name = WHShareView;
			productName = WHShareView;
			productReference = E7BFCE071B4E6C3A002A7E4B /* WHShareView.app */;
			productType = "com.apple.product-type.application";
		};
		E7BFCE1F1B4E6C3B002A7E4B /* WHShareViewTests */ = {
			isa = PBXNativeTarget;
			buildConfigurationList = E7BFCE2D1B4E6C3B002A7E4B /* Build configuration list for PBXNativeTarget "WHShareViewTests" */;
			buildPhases = (
				E7BFCE1C1B4E6C3B002A7E4B /* Sources */,
				E7BFCE1D1B4E6C3B002A7E4B /* Frameworks */,
				E7BFCE1E1B4E6C3B002A7E4B /* Resources */,
			);
			buildRules = (
			);
			dependencies = (
				E7BFCE221B4E6C3B002A7E4B /* PBXTargetDependency */,
			);
			name = WHShareViewTests;
			productName = WHShareViewTests;
			productReference = E7BFCE201B4E6C3B002A7E4B /* WHShareViewTests.xctest */;
			productType = "com.apple.product-type.bundle.unit-test";
		};
/* End PBXNativeTarget section */

/* Begin PBXProject section */
		E7BFCDFF1B4E6C3A002A7E4B /* Project object */ = {
			isa = PBXProject;
			attributes = {
				LastUpgradeCheck = 0640;
				ORGANIZATIONNAME = deyi;
				TargetAttributes = {
					E7BFCE061B4E6C3A002A7E4B = {
						CreatedOnToolsVersion = 6.4;
					};
					E7BFCE1F1B4E6C3B002A7E4B = {
						CreatedOnToolsVersion = 6.4;
						TestTargetID = E7BFCE061B4E6C3A002A7E4B;
					};
				};
			};
			buildConfigurationList = E7BFCE021B4E6C3A002A7E4B /* Build configuration list for PBXProject "WHShareView" */;
			compatibilityVersion = "Xcode 3.2";
			developmentRegion = English;
			hasScannedForEncodings = 0;
			knownRegions = (
				en,
				Base,
			);
			mainGroup = E7BFCDFE1B4E6C3A002A7E4B;
			productRefGroup = E7BFCE081B4E6C3A002A7E4B /* Products */;
			projectDirPath = "";
			projectRoot = "";
			targets = (
				E7BFCE061B4E6C3A002A7E4B /* WHShareView */,
				E7BFCE1F1B4E6C3B002A7E4B /* WHShareViewTests */,
			);
		};
/* End PBXProject section */

/* Begin PBXResourcesBuildPhase section */
		E7BFCE051B4E6C3A002A7E4B /* Resources */ = {
			isa = PBXResourcesBuildPhase;
			buildActionMask = 2147483647;
			files = (
				E7BFCE1B1B4E6C3A002A7E4B /* LaunchScreen.xib in Resources */,
				E7BFCE3B1B4E6D0E002A7E4B /* share_platform_qqfriends@2x.png in Resources */,
				E7BFCE3E1B4E6D0E002A7E4B /* share_platform_wechattimeline@2x.png in Resources */,
				E7BFCE391B4E6D0E002A7E4B /* share_platform_evernote@2x.png in Resources */,
				E7BFCE3D1B4E6D0E002A7E4B /* share_platform_wechat@2x.png in Resources */,
				E7BFCE381B4E6D0E002A7E4B /* share_platform_email@2x.png in Resources */,
				E7BFCE3C1B4E6D0E002A7E4B /* share_platform_sina@2x.png in Resources */,
				E7BFCE3A1B4E6D0E002A7E4B /* share_platform_imessage@2x.png in Resources */,
				E7BFCE181B4E6C3A002A7E4B /* Images.xcassets in Resources */,
			);
			runOnlyForDeploymentPostprocessing = 0;
		};
		E7BFCE1E1B4E6C3B002A7E4B /* Resources */ = {
			isa = PBXResourcesBuildPhase;
			buildActionMask = 2147483647;
			files = (
			);
			runOnlyForDeploymentPostprocessing = 0;
		};
/* End PBXResourcesBuildPhase section */

/* Begin PBXShellScriptBuildPhase section */
		A96904E01FA5EDF0B0CA4332 /* Copy Pods Resources */ = {
			isa = PBXShellScriptBuildPhase;
			buildActionMask = 2147483647;
			files = (
			);
			inputPaths = (
			);
			name = "Copy Pods Resources";
			outputPaths = (
			);
			runOnlyForDeploymentPostprocessing = 0;
			shellPath = /bin/sh;
			shellScript = "\"${SRCROOT}/Pods/Target Support Files/Pods/Pods-resources.sh\"\n";
			showEnvVarsInLog = 0;
		};
		C59D45A757320ADC4E24D4DA /* Check Pods Manifest.lock */ = {
			isa = PBXShellScriptBuildPhase;
			buildActionMask = 2147483647;
			files = (
			);
			inputPaths = (
			);
			name = "Check Pods Manifest.lock";
			outputPaths = (
			);
			runOnlyForDeploymentPostprocessing = 0;
			shellPath = /bin/sh;
			shellScript = "diff \"${PODS_ROOT}/../Podfile.lock\" \"${PODS_ROOT}/Manifest.lock\" > /dev/null\nif [[ $? != 0 ]] ; then\n    cat << EOM\nerror: The sandbox is not in sync with the Podfile.lock. Run 'pod install' or update your CocoaPods installation.\nEOM\n    exit 1\nfi\n";
			showEnvVarsInLog = 0;
		};
/* End PBXShellScriptBuildPhase section */

/* Begin PBXSourcesBuildPhase section */
		E7BFCE031B4E6C3A002A7E4B /* Sources */ = {
			isa = PBXSourcesBuildPhase;
			buildActionMask = 2147483647;
			files = (
				E7BFCE131B4E6C3A002A7E4B /* ViewController.m in Sources */,
				E7BFCE101B4E6C3A002A7E4B /* AppDelegate.m in Sources */,
				E7BFCE0D1B4E6C3A002A7E4B /* main.m in Sources */,
				E7BFCE411B4E6E52002A7E4B /* WHButtonView.m in Sources */,
				E7BFCE441B4E6EFE002A7E4B /* WHShareView.m in Sources */,
			);
			runOnlyForDeploymentPostprocessing = 0;
		};
		E7BFCE1C1B4E6C3B002A7E4B /* Sources */ = {
			isa = PBXSourcesBuildPhase;
			buildActionMask = 2147483647;
			files = (
				E7BFCE271B4E6C3B002A7E4B /* WHShareViewTests.m in Sources */,
			);
			runOnlyForDeploymentPostprocessing = 0;
		};
/* End PBXSourcesBuildPhase section */

/* Begin PBXTargetDependency section */
		E7BFCE221B4E6C3B002A7E4B /* PBXTargetDependency */ = {
			isa = PBXTargetDependency;
			target = E7BFCE061B4E6C3A002A7E4B /* WHShareView */;
			targetProxy = E7BFCE211B4E6C3B002A7E4B /* PBXContainerItemProxy */;
		};
/* End PBXTargetDependency section */

/* Begin PBXVariantGroup section */
		E7BFCE191B4E6C3A002A7E4B /* LaunchScreen.xib */ = {
			isa = PBXVariantGroup;
			children = (
				E7BFCE1A1B4E6C3A002A7E4B /* Base */,
			);
			name = LaunchScreen.xib;
			sourceTree = "<group>";
		};
/* End PBXVariantGroup section */

/* Begin XCBuildConfiguration section */
		E7BFCE281B4E6C3B002A7E4B /* Debug */ = {
			isa = XCBuildConfiguration;
			buildSettings = {
				ALWAYS_SEARCH_USER_PATHS = NO;
				CLANG_CXX_LANGUAGE_STANDARD = "gnu++0x";
				CLANG_CXX_LIBRARY = "libc++";
				CLANG_ENABLE_MODULES = YES;
				CLANG_ENABLE_OBJC_ARC = YES;
				CLANG_WARN_BOOL_CONVERSION = YES;
				CLANG_WARN_CONSTANT_CONVERSION = YES;
				CLANG_WARN_DIRECT_OBJC_ISA_USAGE = YES_ERROR;
				CLANG_WARN_EMPTY_BODY = YES;
				CLANG_WARN_ENUM_CONVERSION = YES;
				CLANG_WARN_INT_CONVERSION = YES;
				CLANG_WARN_OBJC_ROOT_CLASS = YES_ERROR;
				CLANG_WARN_UNREACHABLE_CODE = YES;
				CLANG_WARN__DUPLICATE_METHOD_MATCH = YES;
				"CODE_SIGN_IDENTITY[sdk=iphoneos*]" = "iPhone Developer";
				COPY_PHASE_STRIP = NO;
				DEBUG_INFORMATION_FORMAT = "dwarf-with-dsym";
				ENABLE_STRICT_OBJC_MSGSEND = YES;
				GCC_C_LANGUAGE_STANDARD = gnu99;
				GCC_DYNAMIC_NO_PIC = NO;
				GCC_NO_COMMON_BLOCKS = YES;
				GCC_OPTIMIZATION_LEVEL = 0;
				GCC_PREPROCESSOR_DEFINITIONS = (
					"DEBUG=1",
					"$(inherited)",
				);
				GCC_SYMBOLS_PRIVATE_EXTERN = NO;
				GCC_WARN_64_TO_32_BIT_CONVERSION = YES;
				GCC_WARN_ABOUT_RETURN_TYPE = YES_ERROR;
				GCC_WARN_UNDECLARED_SELECTOR = YES;
				GCC_WARN_UNINITIALIZED_AUTOS = YES_AGGRESSIVE;
				GCC_WARN_UNUSED_FUNCTION = YES;
				GCC_WARN_UNUSED_VARIABLE = YES;
				IPHONEOS_DEPLOYMENT_TARGET = 8.4;
				MTL_ENABLE_DEBUG_INFO = YES;
				ONLY_ACTIVE_ARCH = YES;
				SDKROOT = iphoneos;
				TARGETED_DEVICE_FAMILY = "1,2";
			};
			name = Debug;
		};
		E7BFCE291B4E6C3B002A7E4B /* Release */ = {
			isa = XCBuildConfiguration;
			buildSettings = {
				ALWAYS_SEARCH_USER_PATHS = NO;
				CLANG_CXX_LANGUAGE_STANDARD = "gnu++0x";
				CLANG_CXX_LIBRARY = "libc++";
				CLANG_ENABLE_MODULES = YES;
				CLANG_ENABLE_OBJC_ARC = YES;
				CLANG_WARN_BOOL_CONVERSION = YES;
				CLANG_WARN_CONSTANT_CONVERSION = YES;
				CLANG_WARN_DIRECT_OBJC_ISA_USAGE = YES_ERROR;
				CLANG_WARN_EMPTY_BODY = YES;
				CLANG_WARN_ENUM_CONVERSION = YES;
				CLANG_WARN_INT_CONVERSION = YES;
				CLANG_WARN_OBJC_ROOT_CLASS = YES_ERROR;
				CLANG_WARN_UNREACHABLE_CODE = YES;
				CLANG_WARN__DUPLICATE_METHOD_MATCH = YES;
				"CODE_SIGN_IDENTITY[sdk=iphoneos*]" = "iPhone Developer";
				COPY_PHASE_STRIP = NO;
				DEBUG_INFORMATION_FORMAT = "dwarf-with-dsym";
				ENABLE_NS_ASSERTIONS = NO;
				ENABLE_STRICT_OBJC_MSGSEND = YES;
				GCC_C_LANGUAGE_STANDARD = gnu99;
				GCC_NO_COMMON_BLOCKS = YES;
				GCC_WARN_64_TO_32_BIT_CONVERSION = YES;
				GCC_WARN_ABOUT_RETURN_TYPE = YES_ERROR;
				GCC_WARN_UNDECLARED_SELECTOR = YES;
				GCC_WARN_UNINITIALIZED_AUTOS = YES_AGGRESSIVE;
				GCC_WARN_UNUSED_FUNCTION = YES;
				GCC_WARN_UNUSED_VARIABLE = YES;
				IPHONEOS_DEPLOYMENT_TARGET = 8.4;
				MTL_ENABLE_DEBUG_INFO = NO;
				SDKROOT = iphoneos;
				TARGETED_DEVICE_FAMILY = "1,2";
				VALIDATE_PRODUCT = YES;
			};
			name = Release;
		};
		E7BFCE2B1B4E6C3B002A7E4B /* Debug */ = {
			isa = XCBuildConfiguration;
			baseConfigurationReference = 1125EEC6BED64C9C2ECF1E86 /* Pods.debug.xcconfig */;
			buildSettings = {
				ASSETCATALOG_COMPILER_APPICON_NAME = AppIcon;
				INFOPLIST_FILE = WHShareView/Info.plist;
				IPHONEOS_DEPLOYMENT_TARGET = 6.1;
				LD_RUNPATH_SEARCH_PATHS = "$(inherited) @executable_path/Frameworks";
				PRODUCT_NAME = "$(TARGET_NAME)";
				TARGETED_DEVICE_FAMILY = 1;
			};
			name = Debug;
		};
		E7BFCE2C1B4E6C3B002A7E4B /* Release */ = {
			isa = XCBuildConfiguration;
			baseConfigurationReference = AEC13EFFA24C625FF78932C6 /* Pods.release.xcconfig */;
			buildSettings = {
				ASSETCATALOG_COMPILER_APPICON_NAME = AppIcon;
				INFOPLIST_FILE = WHShareView/Info.plist;
				IPHONEOS_DEPLOYMENT_TARGET = 6.1;
				LD_RUNPATH_SEARCH_PATHS = "$(inherited) @executable_path/Frameworks";
				PRODUCT_NAME = "$(TARGET_NAME)";
				TARGETED_DEVICE_FAMILY = 1;
			};
			name = Release;
		};
		E7BFCE2E1B4E6C3B002A7E4B /* Debug */ = {
			isa = XCBuildConfiguration;
			buildSettings = {
				BUNDLE_LOADER = "$(TEST_HOST)";
				FRAMEWORK_SEARCH_PATHS = (
					"$(SDKROOT)/Developer/Library/Frameworks",
					"$(inherited)",
				);
				GCC_PREPROCESSOR_DEFINITIONS = (
					"DEBUG=1",
					"$(inherited)",
				);
				INFOPLIST_FILE = WHShareViewTests/Info.plist;
				LD_RUNPATH_SEARCH_PATHS = "$(inherited) @executable_path/Frameworks @loader_path/Frameworks";
				PRODUCT_NAME = "$(TARGET_NAME)";
				TEST_HOST = "$(BUILT_PRODUCTS_DIR)/WHShareView.app/WHShareView";
			};
			name = Debug;
		};
		E7BFCE2F1B4E6C3B002A7E4B /* Release */ = {
			isa = XCBuildConfiguration;
			buildSettings = {
				BUNDLE_LOADER = "$(TEST_HOST)";
				FRAMEWORK_SEARCH_PATHS = (
					"$(SDKROOT)/Developer/Library/Frameworks",
					"$(inherited)",
				);
				INFOPLIST_FILE = WHShareViewTests/Info.plist;
				LD_RUNPATH_SEARCH_PATHS = "$(inherited) @executable_path/Frameworks @loader_path/Frameworks";
				PRODUCT_NAME = "$(TARGET_NAME)";
				TEST_HOST = "$(BUILT_PRODUCTS_DIR)/WHShareView.app/WHShareView";
			};
			name = Release;
		};
/* End XCBuildConfiguration section */

/* Begin XCConfigurationList section */
		E7BFCE021B4E6C3A002A7E4B /* Build configuration list for PBXProject "WHShareView" */ = {
			isa = XCConfigurationList;
			buildConfigurations = (
				E7BFCE281B4E6C3B002A7E4B /* Debug */,
				E7BFCE291B4E6C3B002A7E4B /* Release */,
			);
			defaultConfigurationIsVisible = 0;
			defaultConfigurationName = Release;
		};
		E7BFCE2A1B4E6C3B002A7E4B /* Build configuration list for PBXNativeTarget "WHShareView" */ = {
			isa = XCConfigurationList;
			buildConfigurations = (
				E7BFCE2B1B4E6C3B002A7E4B /* Debug */,
				E7BFCE2C1B4E6C3B002A7E4B /* Release */,
			);
			defaultConfigurationIsVisible = 0;
			defaultConfigurationName = Release;
		};
		E7BFCE2D1B4E6C3B002A7E4B /* Build configuration list for PBXNativeTarget "WHShareViewTests" */ = {
			isa = XCConfigurationList;
			buildConfigurations = (
				E7BFCE2E1B4E6C3B002A7E4B /* Debug */,
				E7BFCE2F1B4E6C3B002A7E4B /* Release */,
			);
			defaultConfigurationIsVisible = 0;
			defaultConfigurationName = Release;
		};
/* End XCConfigurationList section */
	};
	rootObject = E7BFCDFF1B4E6C3A002A7E4B /* Project object */;
}
